// !$*UTF8*$!
{
	archiveVersion = 1;
	classes = {
	};
	objectVersion = 50;
	objects = {

/* Begin PBXBuildFile section */
		C1D7F2F42219E56800CF2DEC /* AppDelegate.swift in Sources */ = {isa = PBXBuildFile; fileRef = C1D7F2F32219E56800CF2DEC /* AppDelegate.swift */; };
		C1D7F2F62219E56800CF2DEC /* ViewController.swift in Sources */ = {isa = PBXBuildFile; fileRef = C1D7F2F52219E56800CF2DEC /* ViewController.swift */; };
		C1D7F2F92219E56800CF2DEC /* Main.storyboard in Resources */ = {isa = PBXBuildFile; fileRef = C1D7F2F72219E56800CF2DEC /* Main.storyboard */; };
		C1D7F2FB2219E56A00CF2DEC /* Assets.xcassets in Resources */ = {isa = PBXBuildFile; fileRef = C1D7F2FA2219E56A00CF2DEC /* Assets.xcassets */; };
		C1D7F2FE2219E56A00CF2DEC /* LaunchScreen.storyboard in Resources */ = {isa = PBXBuildFile; fileRef = C1D7F2FC2219E56A00CF2DEC /* LaunchScreen.storyboard */; };
		C1D7F30A2219F0A400CF2DEC /* img01.png in Resources */ = {isa = PBXBuildFile; fileRef = C1D7F3062219F0A300CF2DEC /* img01.png */; };
		C1D7F30B2219F0A400CF2DEC /* img02.png in Resources */ = {isa = PBXBuildFile; fileRef = C1D7F3072219F0A300CF2DEC /* img02.png */; };
		C1D7F30C2219F0A400CF2DEC /* img03.png in Resources */ = {isa = PBXBuildFile; fileRef = C1D7F3082219F0A300CF2DEC /* img03.png */; };
		C1D7F30D2219F0A400CF2DEC /* img04.png in Resources */ = {isa = PBXBuildFile; fileRef = C1D7F3092219F0A300CF2DEC /* img04.png */; };
		C1E1E0D2221B445F003AFCE8 /* DetailViewController.swift in Sources */ = {isa = PBXBuildFile; fileRef = C1E1E0D1221B445F003AFCE8 /* DetailViewController.swift */; };
/* End PBXBuildFile section */

/* Begin PBXFileReference section */
		C1D7F2F02219E56800CF2DEC /* Project1.app */ = {isa = PBXFileReference; explicitFileType = wrapper.application; includeInIndex = 0; path = Project1.app; sourceTree = BUILT_PRODUCTS_DIR; };
		C1D7F2F32219E56800CF2DEC /* AppDelegate.swift */ = {isa = PBXFileReference; lastKnownFileType = sourcecode.swift; path = AppDelegate.swift; sourceTree = "<group>"; };
		C1D7F2F52219E56800CF2DEC /* ViewController.swift */ = {isa = PBXFileReference; lastKnownFileType = sourcecode.swift; path = ViewController.swift; sourceTree = "<group>"; };
		C1D7F2F82219E56800CF2DEC /* Base */ = {isa = PBXFileReference; lastKnownFileType = file.storyboard; name = Base; path = Base.lproj/Main.storyboard; sourceTree = "<group>"; };
		C1D7F2FA2219E56A00CF2DEC /* Assets.xcassets */ = {isa = PBXFileReference; lastKnownFileType = folder.assetcatalog; path = Assets.xcassets; sourceTree = "<group>"; };
		C1D7F2FD2219E56A00CF2DEC /* Base */ = {isa = PBXFileReference; lastKnownFileType = file.storyboard; name = Base; path = Base.lproj/LaunchScreen.storyboard; sourceTree = "<group>"; };
		C1D7F2FF2219E56A00CF2DEC /* Info.plist */ = {isa = PBXFileReference; lastKnownFileType = text.plist.xml; path = Info.plist; sourceTree = "<group>"; };
		C1D7F3062219F0A300CF2DEC /* img01.png */ = {isa = PBXFileReference; lastKnownFileType = image.png; path = img01.png; sourceTree = "<group>"; };
		C1D7F3072219F0A300CF2DEC /* img02.png */ = {isa = PBXFileReference; lastKnownFileType = image.png; path = img02.png; sourceTree = "<group>"; };
		C1D7F3082219F0A300CF2DEC /* img03.png */ = {isa = PBXFileReference; lastKnownFileType = image.png; path = img03.png; sourceTree = "<group>"; };
		C1D7F3092219F0A300CF2DEC /* img04.png */ = {isa = PBXFileReference; lastKnownFileType = image.png; path = img04.png; sourceTree = "<group>"; };
		C1E1E0D1221B445F003AFCE8 /* DetailViewController.swift */ = {isa = PBXFileReference; lastKnownFileType = sourcecode.swift; path = DetailViewController.swift; sourceTree = "<group>"; };
/* End PBXFileReference section */

/* Begin PBXFrameworksBuildPhase section */
		C1D7F2ED2219E56800CF2DEC /* Frameworks */ = {
			isa = PBXFrameworksBuildPhase;
			buildActionMask = 2147483647;
			files = (
			);
			runOnlyForDeploymentPostprocessing = 0;
		};
/* End PBXFrameworksBuildPhase section */

/* Begin PBXGroup section */
		C1D7F2E72219E56800CF2DEC = {
			isa = PBXGroup;
			children = (
				C1D7F2F22219E56800CF2DEC /* Project1 */,
				C1D7F2F12219E56800CF2DEC /* Products */,
			);
			sourceTree = "<group>";
		};
		C1D7F2F12219E56800CF2DEC /* Products */ = {
			isa = PBXGroup;
			children = (
				C1D7F2F02219E56800CF2DEC /* Project1.app */,
			);
			name = Products;
			sourceTree = "<group>";
		};
		C1D7F2F22219E56800CF2DEC /* Project1 */ = {
			isa = PBXGroup;
			children = (
				C1D7F2F32219E56800CF2DEC /* AppDelegate.swift */,
				C1D7F2F52219E56800CF2DEC /* ViewController.swift */,
				C1E1E0D1221B445F003AFCE8 /* DetailViewController.swift */,
				C1D7F2F72219E56800CF2DEC /* Main.storyboard */,
				C1D7F2FA2219E56A00CF2DEC /* Assets.xcassets */,
				C1D7F2FC2219E56A00CF2DEC /* LaunchScreen.storyboard */,
				C1D7F2FF2219E56A00CF2DEC /* Info.plist */,
				C1D7F3052219F0A300CF2DEC /* Content */,
			);
			path = Project1;
			sourceTree = "<group>";
		};
		C1D7F3052219F0A300CF2DEC /* Content */ = {
			isa = PBXGroup;
			children = (
				C1D7F3062219F0A300CF2DEC /* img01.png */,
				C1D7F3072219F0A300CF2DEC /* img02.png */,
				C1D7F3082219F0A300CF2DEC /* img03.png */,
				C1D7F3092219F0A300CF2DEC /* img04.png */,
			);
			path = Content;
			sourceTree = "<group>";
		};
/* End PBXGroup section */

/* Begin PBXNativeTarget section */
		C1D7F2EF2219E56800CF2DEC /* Project1 */ = {
			isa = PBXNativeTarget;
			buildConfigurationList = C1D7F3022219E56A00CF2DEC /* Build configuration list for PBXNativeTarget "Project1" */;
			buildPhases = (
				C1D7F2EC2219E56800CF2DEC /* Sources */,
				C1D7F2ED2219E56800CF2DEC /* Frameworks */,
				C1D7F2EE2219E56800CF2DEC /* Resources */,
			);
			buildRules = (
			);
			dependencies = (
			);
			name = Project1;
			productName = Project1;
			productReference = C1D7F2F02219E56800CF2DEC /* Project1.app */;
			productType = "com.apple.product-type.application";
		};
/* End PBXNativeTarget section */

/* Begin PBXProject section */
		C1D7F2E82219E56800CF2DEC /* Project object */ = {
			isa = PBXProject;
			attributes = {
				LastSwiftUpdateCheck = 1010;
				LastUpgradeCheck = 1010;
				ORGANIZATIONNAME = "Catherine Priazhnikova";
				TargetAttributes = {
					C1D7F2EF2219E56800CF2DEC = {
						CreatedOnToolsVersion = 10.1;
					};
				};
			};
			buildConfigurationList = C1D7F2EB2219E56800CF2DEC /* Build configuration list for PBXProject "Project1" */;
			compatibilityVersion = "Xcode 9.3";
			developmentRegion = en;
			hasScannedForEncodings = 0;
			knownRegions = (
				en,
				Base,
			);
			mainGroup = C1D7F2E72219E56800CF2DEC;
			productRefGroup = C1D7F2F12219E56800CF2DEC /* Products */;
			projectDirPath = "";
			projectRoot = "";
			targets = (
				C1D7F2EF2219E56800CF2DEC /* Project1 */,
			);
		};
/* End PBXProject section */

/* Begin PBXResourcesBuildPhase section */
		C1D7F2EE2219E56800CF2DEC /* Resources */ = {
			isa = PBXResourcesBuildPhase;
			buildActionMask = 2147483647;
			files = (
				C1D7F2FE2219E56A00CF2DEC /* LaunchScreen.storyboard in Resources */,
				C1D7F2FB2219E56A00CF2DEC /* Assets.xcassets in Resources */,
				C1D7F2F92219E56800CF2DEC /* Main.storyboard in Resources */,
				C1D7F30C2219F0A400CF2DEC /* img03.png in Resources */,
				C1D7F30D2219F0A400CF2DEC /* img04.png in Resources */,
				C1D7F30A2219F0A400CF2DEC /* img01.png in Resources */,
				C1D7F30B2219F0A400CF2DEC /* img02.png in Resources */,
			);
			runOnlyForDeploymentPostprocessing = 0;
		};
/* End PBXResourcesBuildPhase section */

/* Begin PBXSourcesBuildPhase section */
		C1D7F2EC2219E56800CF2DEC /* Sources */ = {
			isa = PBXSourcesBuildPhase;
			buildActionMask = 2147483647;
			files = (
				C1E1E0D2221B445F003AFCE8 /* DetailViewController.swift in Sources */,
				C1D7F2F62219E56800CF2DEC /* ViewController.swift in Sources */,
				C1D7F2F42219E56800CF2DEC /* AppDelegate.swift in Sources */,
			);
			runOnlyForDeploymentPostprocessing = 0;
		};
/* End PBXSourcesBuildPhase section */

/* Begin PBXVariantGroup section */
		C1D7F2F72219E56800CF2DEC /* Main.storyboard */ = {
			isa = PBXVariantGroup;
			children = (
				C1D7F2F82219E56800CF2DEC /* Base */,
			);
			name = Main.storyboard;
			sourceTree = "<group>";
		};
		C1D7F2FC2219E56A00CF2DEC /* LaunchScreen.storyboard */ = {
			isa = PBXVariantGroup;
			children = (
				C1D7F2FD2219E56A00CF2DEC /* Base */,
			);
			name = LaunchScreen.storyboard;
			sourceTree = "<group>";
		};
/* End PBXVariantGroup section */

/* Begin XCBuildConfiguration section */
		C1D7F3002219E56A00CF2DEC /* Debug */ = {
			isa = XCBuildConfiguration;
			buildSettings = {
				ALWAYS_SEARCH_USER_PATHS = NO;
				CLANG_ANALYZER_NONNULL = YES;
				CLANG_ANALYZER_NUMBER_OBJECT_CONVERSION = YES_AGGRESSIVE;
				CLANG_CXX_LANGUAGE_STANDARD = "gnu++14";
				CLANG_CXX_LIBRARY = "libc++";
				CLANG_ENABLE_MODULES = YES;
				CLANG_ENABLE_OBJC_ARC = YES;
				CLANG_ENABLE_OBJC_WEAK = YES;
				CLANG_WARN_BLOCK_CAPTURE_AUTORELEASING = YES;
				CLANG_WARN_BOOL_CONVERSION = YES;
				CLANG_WARN_COMMA = YES;
				CLANG_WARN_CONSTANT_CONVERSION = YES;
				CLANG_WARN_DEPRECATED_OBJC_IMPLEMENTATIONS = YES;
				CLANG_WARN_DIRECT_OBJC_ISA_USAGE = YES_ERROR;
				CLANG_WARN_DOCUMENTATION_COMMENTS = YES;
				CLANG_WARN_EMPTY_BODY = YES;
				CLANG_WARN_ENUM_CONVERSION = YES;
				CLANG_WARN_INFINITE_RECURSION = YES;
				CLANG_WARN_INT_CONVERSION = YES;
				CLANG_WARN_NON_LITERAL_NULL_CONVERSION = YES;
				CLANG_WARN_OBJC_IMPLICIT_RETAIN_SELF = YES;
				CLANG_WARN_OBJC_LITERAL_CONVERSION = YES;
				CLANG_WARN_OBJC_ROOT_CLASS = YES_ERROR;
				CLANG_WARN_RANGE_LOOP_ANALYSIS = YES;
				CLANG_WARN_STRICT_PROTOTYPES = YES;
				CLANG_WARN_SUSPICIOUS_MOVE = YES;
				CLANG_WARN_UNGUARDED_AVAILABILITY = YES_AGGRESSIVE;
				CLANG_WARN_UNREACHABLE_CODE = YES;
				CLANG_WARN__DUPLICATE_METHOD_MATCH = YES;
				CODE_SIGN_IDENTITY = "iPhone Developer";
				COPY_PHASE_STRIP = NO;
				DEBUG_INFORMATION_FORMAT = dwarf;
				ENABLE_STRICT_OBJC_MSGSEND = YES;
				ENABLE_TESTABILITY = YES;
				GCC_C_LANGUAGE_STANDARD = gnu11;
				GCC_DYNAMIC_NO_PIC = NO;
				GCC_NO_COMMON_BLOCKS = YES;
				GCC_OPTIMIZATION_LEVEL = 0;
				GCC_PREPROCESSOR_DEFINITIONS = (
					"DEBUG=1",
					"$(inherited)",
				);
				GCC_WARN_64_TO_32_BIT_CONVERSION = YES;
				GCC_WARN_ABOUT_RETURN_TYPE = YES_ERROR;
				GCC_WARN_UNDECLARED_SELECTOR = YES;
				GCC_WARN_UNINITIALIZED_AUTOS = YES_AGGRESSIVE;
				GCC_WARN_UNUSED_FUNCTION = YES;
				GCC_WARN_UNUSED_VARIABLE = YES;
				IPHONEOS_DEPLOYMENT_TARGET = 12.1;
				MTL_ENABLE_DEBUG_INFO = INCLUDE_SOURCE;
				MTL_FAST_MATH = YES;
				ONLY_ACTIVE_ARCH = YES;
				SDKROOT = iphoneos;
				SWIFT_ACTIVE_COMPILATION_CONDITIONS = DEBUG;
				SWIFT_OPTIMIZATION_LEVEL = "-Onone";
			};
			name = Debug;
		};
		C1D7F3012219E56A00CF2DEC /* Release */ = {
			isa = XCBuildConfiguration;
			buildSettings = {
				ALWAYS_SEARCH_USER_PATHS = NO;
				CLANG_ANALYZER_NONNULL = YES;
				CLANG_ANALYZER_NUMBER_OBJECT_CONVERSION = YES_AGGRESSIVE;
				CLANG_CXX_LANGUAGE_STANDARD = "gnu++14";
				CLANG_CXX_LIBRARY = "libc++";
				CLANG_ENABLE_MODULES = YES;
				CLANG_ENABLE_OBJC_ARC = YES;
				CLANG_ENABLE_OBJC_WEAK = YES;
				CLANG_WARN_BLOCK_CAPTURE_AUTORELEASING = YES;
				CLANG_WARN_BOOL_CONVERSION = YES;
				CLANG_WARN_COMMA = YES;
				CLANG_WARN_CONSTANT_CONVERSION = YES;
				CLANG_WARN_DEPRECATED_OBJC_IMPLEMENTATIONS = YES;
				CLANG_WARN_DIRECT_OBJC_ISA_USAGE = YES_ERROR;
				CLANG_WARN_DOCUMENTATION_COMMENTS = YES;
				CLANG_WARN_EMPTY_BODY = YES;
				CLANG_WARN_ENUM_CONVERSION = YES;
				CLANG_WARN_INFINITE_RECURSION = YES;
				CLANG_WARN_INT_CONVERSION = YES;
				CLANG_WARN_NON_LITERAL_NULL_CONVERSION = YES;
				CLANG_WARN_OBJC_IMPLICIT_RETAIN_SELF = YES;
				CLANG_WARN_OBJC_LITERAL_CONVERSION = YES;
				CLANG_WARN_OBJC_ROOT_CLASS = YES_ERROR;
				CLANG_WARN_RANGE_LOOP_ANALYSIS = YES;
				CLANG_WARN_STRICT_PROTOTYPES = YES;
				CLANG_WARN_SUSPICIOUS_MOVE = YES;
				CLANG_WARN_UNGUARDED_AVAILABILITY = YES_AGGRESSIVE;
				CLANG_WARN_UNREACHABLE_CODE = YES;
				CLANG_WARN__DUPLICATE_METHOD_MATCH = YES;
				CODE_SIGN_IDENTITY = "iPhone Developer";
				COPY_PHASE_STRIP = NO;
				DEBUG_INFORMATION_FORMAT = "dwarf-with-dsym";
				ENABLE_NS_ASSERTIONS = NO;
				ENABLE_STRICT_OBJC_MSGSEND = YES;
				GCC_C_LANGUAGE_STANDARD = gnu11;
				GCC_NO_COMMON_BLOCKS = YES;
				GCC_WARN_64_TO_32_BIT_CONVERSION = YES;
				GCC_WARN_ABOUT_RETURN_TYPE = YES_ERROR;
				GCC_WARN_UNDECLARED_SELECTOR = YES;
				GCC_WARN_UNINITIALIZED_AUTOS = YES_AGGRESSIVE;
				GCC_WARN_UNUSED_FUNCTION = YES;
				GCC_WARN_UNUSED_VARIABLE = YES;
				IPHONEOS_DEPLOYMENT_TARGET = 12.1;
				MTL_ENABLE_DEBUG_INFO = NO;
				MTL_FAST_MATH = YES;
				SDKROOT = iphoneos;
				SWIFT_COMPILATION_MODE = wholemodule;
				SWIFT_OPTIMIZATION_LEVEL = "-O";
				VALIDATE_PRODUCT = YES;
			};
			name = Release;
		};
		C1D7F3032219E56A00CF2DEC /* Debug */ = {
			isa = XCBuildConfiguration;
			buildSettings = {
				ASSETCATALOG_COMPILER_APPICON_NAME = AppIcon;
				CODE_SIGN_IDENTITY = "iPhone Developer";
				CODE_SIGN_STYLE = Automatic;
				DEVELOPMENT_TEAM = 8Q32GUKLS4;
				INFOPLIST_FILE = Project1/Info.plist;
				LD_RUNPATH_SEARCH_PATHS = (
					"$(inherited)",
					"@executable_path/Frameworks",
				);
				PRODUCT_BUNDLE_IDENTIFIER = com.catherine.Project1;
				PRODUCT_NAME = "$(TARGET_NAME)";
				PROVISIONING_PROFILE_SPECIFIER = "";
				SWIFT_VERSION = 4.2;
				TARGETED_DEVICE_FAMILY = "1,2";
			};
			name = Debug;
		};
		C1D7F3042219E56A00CF2DEC /* Release */ = {
			isa = XCBuildConfiguration;
			buildSettings = {
				ASSETCATALOG_COMPILER_APPICON_NAME = AppIcon;
				CODE_SIGN_IDENTITY = "iPhone Developer";
				CODE_SIGN_STYLE = Automatic;
				DEVELOPMENT_TEAM = 8Q32GUKLS4;
				INFOPLIST_FILE = Project1/Info.plist;
				LD_RUNPATH_SEARCH_PATHS = (
					"$(inherited)",
					"@executable_path/Frameworks",
				);
				PRODUCT_BUNDLE_IDENTIFIER = com.catherine.Project1;
				PRODUCT_NAME = "$(TARGET_NAME)";
				PROVISIONING_PROFILE_SPECIFIER = "";
				SWIFT_VERSION = 4.2;
				TARGETED_DEVICE_FAMILY = "1,2";
			};
			name = Release;
		};
/* End XCBuildConfiguration section */

/* Begin XCConfigurationList section */
		C1D7F2EB2219E56800CF2DEC /* Build configuration list for PBXProject "Project1" */ = {
			isa = XCConfigurationList;
			buildConfigurations = (
				C1D7F3002219E56A00CF2DEC /* Debug */,
				C1D7F3012219E56A00CF2DEC /* Release */,
			);
			defaultConfigurationIsVisible = 0;
			defaultConfigurationName = Release;
		};
		C1D7F3022219E56A00CF2DEC /* Build configuration list for PBXNativeTarget "Project1" */ = {
			isa = XCConfigurationList;
			buildConfigurations = (
				C1D7F3032219E56A00CF2DEC /* Debug */,
				C1D7F3042219E56A00CF2DEC /* Release */,
			);
			defaultConfigurationIsVisible = 0;
			defaultConfigurationName = Release;
		};
/* End XCConfigurationList section */
	};
	rootObject = C1D7F2E82219E56800CF2DEC /* Project object */;
}
